// !$*UTF8*$!
{
	archiveVersion = 1;
	classes = {
	};
	objectVersion = 46;
	objects = {

/* Begin PBXBuildFile section */
		30AB8D701AB86D5C00DFE35B /* main.m in Sources */ = {isa = PBXBuildFile; fileRef = 30AB8D6F1AB86D5C00DFE35B /* main.m */; };
		30AB8D731AB86D5C00DFE35B /* AppDelegate.m in Sources */ = {isa = PBXBuildFile; fileRef = 30AB8D721AB86D5C00DFE35B /* AppDelegate.m */; };
		30AB8D761AB86D5C00DFE35B /* ViewController.m in Sources */ = {isa = PBXBuildFile; fileRef = 30AB8D751AB86D5C00DFE35B /* ViewController.m */; };
		30AB8D791AB86D5C00DFE35B /* Main.storyboard in Resources */ = {isa = PBXBuildFile; fileRef = 30AB8D771AB86D5C00DFE35B /* Main.storyboard */; };
		30AB8D7B1AB86D5C00DFE35B /* Images.xcassets in Resources */ = {isa = PBXBuildFile; fileRef = 30AB8D7A1AB86D5C00DFE35B /* Images.xcassets */; };
		30AB8D7E1AB86D5C00DFE35B /* LaunchScreen.xib in Resources */ = {isa = PBXBuildFile; fileRef = 30AB8D7C1AB86D5C00DFE35B /* LaunchScreen.xib */; };
		30AB8D8A1AB86D5D00DFE35B /* MBTests.m in Sources */ = {isa = PBXBuildFile; fileRef = 30AB8D891AB86D5D00DFE35B /* MBTests.m */; };
		30AB8D981AB86DFE00DFE35B /* GCDAsyncSocket.m in Sources */ = {isa = PBXBuildFile; fileRef = 30AB8D951AB86DFE00DFE35B /* GCDAsyncSocket.m */; };
		30AB8D991AB86DFE00DFE35B /* GCDAsyncUdpSocket.m in Sources */ = {isa = PBXBuildFile; fileRef = 30AB8D971AB86DFE00DFE35B /* GCDAsyncUdpSocket.m */; };
/* End PBXBuildFile section */

/* Begin PBXContainerItemProxy section */
		30AB8D841AB86D5D00DFE35B /* PBXContainerItemProxy */ = {
			isa = PBXContainerItemProxy;
			containerPortal = 30AB8D621AB86D5C00DFE35B /* Project object */;
			proxyType = 1;
			remoteGlobalIDString = 30AB8D691AB86D5C00DFE35B;
			remoteInfo = MB;
		};
/* End PBXContainerItemProxy section */

/* Begin PBXFileReference section */
		30AB8D6A1AB86D5C00DFE35B /* MB.app */ = {isa = PBXFileReference; explicitFileType = wrapper.application; includeInIndex = 0; path = MB.app; sourceTree = BUILT_PRODUCTS_DIR; };
		30AB8D6E1AB86D5C00DFE35B /* Info.plist */ = {isa = PBXFileReference; lastKnownFileType = text.plist.xml; path = Info.plist; sourceTree = "<group>"; };
		30AB8D6F1AB86D5C00DFE35B /* main.m */ = {isa = PBXFileReference; lastKnownFileType = sourcecode.c.objc; path = main.m; sourceTree = "<group>"; };
		30AB8D711AB86D5C00DFE35B /* AppDelegate.h */ = {isa = PBXFileReference; lastKnownFileType = sourcecode.c.h; path = AppDelegate.h; sourceTree = "<group>"; };
		30AB8D721AB86D5C00DFE35B /* AppDelegate.m */ = {isa = PBXFileReference; lastKnownFileType = sourcecode.c.objc; path = AppDelegate.m; sourceTree = "<group>"; };
		30AB8D741AB86D5C00DFE35B /* ViewController.h */ = {isa = PBXFileReference; lastKnownFileType = sourcecode.c.h; path = ViewController.h; sourceTree = "<group>"; };
		30AB8D751AB86D5C00DFE35B /* ViewController.m */ = {isa = PBXFileReference; lastKnownFileType = sourcecode.c.objc; path = ViewController.m; sourceTree = "<group>"; };
		30AB8D781AB86D5C00DFE35B /* Base */ = {isa = PBXFileReference; lastKnownFileType = file.storyboard; name = Base; path = Base.lproj/Main.storyboard; sourceTree = "<group>"; };
		30AB8D7A1AB86D5C00DFE35B /* Images.xcassets */ = {isa = PBXFileReference; lastKnownFileType = folder.assetcatalog; path = Images.xcassets; sourceTree = "<group>"; };
		30AB8D7D1AB86D5C00DFE35B /* Base */ = {isa = PBXFileReference; lastKnownFileType = file.xib; name = Base; path = Base.lproj/LaunchScreen.xib; sourceTree = "<group>"; };
		30AB8D831AB86D5D00DFE35B /* MBTests.xctest */ = {isa = PBXFileReference; explicitFileType = wrapper.cfbundle; includeInIndex = 0; path = MBTests.xctest; sourceTree = BUILT_PRODUCTS_DIR; };
		30AB8D881AB86D5D00DFE35B /* Info.plist */ = {isa = PBXFileReference; lastKnownFileType = text.plist.xml; path = Info.plist; sourceTree = "<group>"; };
		30AB8D891AB86D5D00DFE35B /* MBTests.m */ = {isa = PBXFileReference; lastKnownFileType = sourcecode.c.objc; path = MBTests.m; sourceTree = "<group>"; };
		30AB8D941AB86DFE00DFE35B /* GCDAsyncSocket.h */ = {isa = PBXFileReference; fileEncoding = 4; lastKnownFileType = sourcecode.c.h; path = GCDAsyncSocket.h; sourceTree = "<group>"; };
		30AB8D951AB86DFE00DFE35B /* GCDAsyncSocket.m */ = {isa = PBXFileReference; fileEncoding = 4; lastKnownFileType = sourcecode.c.objc; path = GCDAsyncSocket.m; sourceTree = "<group>"; };
		30AB8D961AB86DFE00DFE35B /* GCDAsyncUdpSocket.h */ = {isa = PBXFileReference; fileEncoding = 4; lastKnownFileType = sourcecode.c.h; path = GCDAsyncUdpSocket.h; sourceTree = "<group>"; };
		30AB8D971AB86DFE00DFE35B /* GCDAsyncUdpSocket.m */ = {isa = PBXFileReference; fileEncoding = 4; lastKnownFileType = sourcecode.c.objc; path = GCDAsyncUdpSocket.m; sourceTree = "<group>"; };
/* End PBXFileReference section */

/* Begin PBXFrameworksBuildPhase section */
		30AB8D671AB86D5C00DFE35B /* Frameworks */ = {
			isa = PBXFrameworksBuildPhase;
			buildActionMask = 2147483647;
			files = (
			);
			runOnlyForDeploymentPostprocessing = 0;
		};
		30AB8D801AB86D5D00DFE35B /* Frameworks */ = {
			isa = PBXFrameworksBuildPhase;
			buildActionMask = 2147483647;
			files = (
			);
			runOnlyForDeploymentPostprocessing = 0;
		};
/* End PBXFrameworksBuildPhase section */

/* Begin PBXGroup section */
		30AB8D611AB86D5C00DFE35B = {
			isa = PBXGroup;
			children = (
				30AB8D6C1AB86D5C00DFE35B /* MB */,
				30AB8D861AB86D5D00DFE35B /* MBTests */,
				30AB8D6B1AB86D5C00DFE35B /* Products */,
			);
			sourceTree = "<group>";
		};
		30AB8D6B1AB86D5C00DFE35B /* Products */ = {
			isa = PBXGroup;
			children = (
				30AB8D6A1AB86D5C00DFE35B /* MB.app */,
				30AB8D831AB86D5D00DFE35B /* MBTests.xctest */,
			);
			name = Products;
			sourceTree = "<group>";
		};
		30AB8D6C1AB86D5C00DFE35B /* MB */ = {
			isa = PBXGroup;
			children = (
				30AB8D711AB86D5C00DFE35B /* AppDelegate.h */,
				30AB8D721AB86D5C00DFE35B /* AppDelegate.m */,
				30AB8D741AB86D5C00DFE35B /* ViewController.h */,
				30AB8D751AB86D5C00DFE35B /* ViewController.m */,
				30AB8D771AB86D5C00DFE35B /* Main.storyboard */,
				30AB8D7A1AB86D5C00DFE35B /* Images.xcassets */,
				30AB8D7C1AB86D5C00DFE35B /* LaunchScreen.xib */,
				30AB8D931AB86D8C00DFE35B /* Socket */,
				30AB8D6D1AB86D5C00DFE35B /* Supporting Files */,
			);
			path = MB;
			sourceTree = "<group>";
		};
		30AB8D6D1AB86D5C00DFE35B /* Supporting Files */ = {
			isa = PBXGroup;
			children = (
				30AB8D6E1AB86D5C00DFE35B /* Info.plist */,
				30AB8D6F1AB86D5C00DFE35B /* main.m */,
			);
			name = "Supporting Files";
			sourceTree = "<group>";
		};
		30AB8D861AB86D5D00DFE35B /* MBTests */ = {
			isa = PBXGroup;
			children = (
				30AB8D891AB86D5D00DFE35B /* MBTests.m */,
				30AB8D871AB86D5D00DFE35B /* Supporting Files */,
			);
			path = MBTests;
			sourceTree = "<group>";
		};
		30AB8D871AB86D5D00DFE35B /* Supporting Files */ = {
			isa = PBXGroup;
			children = (
				30AB8D881AB86D5D00DFE35B /* Info.plist */,
			);
			name = "Supporting Files";
			sourceTree = "<group>";
		};
		30AB8D931AB86D8C00DFE35B /* Socket */ = {
			isa = PBXGroup;
			children = (
				30AB8D941AB86DFE00DFE35B /* GCDAsyncSocket.h */,
				30AB8D951AB86DFE00DFE35B /* GCDAsyncSocket.m */,
				30AB8D961AB86DFE00DFE35B /* GCDAsyncUdpSocket.h */,
				30AB8D971AB86DFE00DFE35B /* GCDAsyncUdpSocket.m */,
			);
			name = Socket;
			sourceTree = "<group>";
		};
/* End PBXGroup section */

/* Begin PBXNativeTarget section */
		30AB8D691AB86D5C00DFE35B /* MB */ = {
			isa = PBXNativeTarget;
			buildConfigurationList = 30AB8D8D1AB86D5D00DFE35B /* Build configuration list for PBXNativeTarget "MB" */;
			buildPhases = (
				30AB8D661AB86D5C00DFE35B /* Sources */,
				30AB8D671AB86D5C00DFE35B /* Frameworks */,
				30AB8D681AB86D5C00DFE35B /* Resources */,
			);
			buildRules = (
			);
			dependencies = (
			);
			name = MB;
			productName = MB;
			productReference = 30AB8D6A1AB86D5C00DFE35B /* MB.app */;
			productType = "com.apple.product-type.application";
		};
		30AB8D821AB86D5D00DFE35B /* MBTests */ = {
			isa = PBXNativeTarget;
			buildConfigurationList = 30AB8D901AB86D5D00DFE35B /* Build configuration list for PBXNativeTarget "MBTests" */;
			buildPhases = (
				30AB8D7F1AB86D5D00DFE35B /* Sources */,
				30AB8D801AB86D5D00DFE35B /* Frameworks */,
				30AB8D811AB86D5D00DFE35B /* Resources */,
			);
			buildRules = (
			);
			dependencies = (
				30AB8D851AB86D5D00DFE35B /* PBXTargetDependency */,
			);
			name = MBTests;
			productName = MBTests;
			productReference = 30AB8D831AB86D5D00DFE35B /* MBTests.xctest */;
			productType = "com.apple.product-type.bundle.unit-test";
		};
/* End PBXNativeTarget section */

/* Begin PBXProject section */
		30AB8D621AB86D5C00DFE35B /* Project object */ = {
			isa = PBXProject;
			attributes = {
				LastUpgradeCheck = 0620;
				ORGANIZATIONNAME = Masih;
				TargetAttributes = {
					30AB8D691AB86D5C00DFE35B = {
						CreatedOnToolsVersion = 6.2;
					};
					30AB8D821AB86D5D00DFE35B = {
						CreatedOnToolsVersion = 6.2;
						TestTargetID = 30AB8D691AB86D5C00DFE35B;
					};
				};
			};
			buildConfigurationList = 30AB8D651AB86D5C00DFE35B /* Build configuration list for PBXProject "MB" */;
			compatibilityVersion = "Xcode 3.2";
			developmentRegion = English;
			hasScannedForEncodings = 0;
			knownRegions = (
				en,
				Base,
			);
			mainGroup = 30AB8D611AB86D5C00DFE35B;
			productRefGroup = 30AB8D6B1AB86D5C00DFE35B /* Products */;
			projectDirPath = "";
			projectRoot = "";
			targets = (
				30AB8D691AB86D5C00DFE35B /* MB */,
				30AB8D821AB86D5D00DFE35B /* MBTests */,
			);
		};
/* End PBXProject section */

/* Begin PBXResourcesBuildPhase section */
		30AB8D681AB86D5C00DFE35B /* Resources */ = {
			isa = PBXResourcesBuildPhase;
			buildActionMask = 2147483647;
			files = (
				30AB8D791AB86D5C00DFE35B /* Main.storyboard in Resources */,
				30AB8D7E1AB86D5C00DFE35B /* LaunchScreen.xib in Resources */,
				30AB8D7B1AB86D5C00DFE35B /* Images.xcassets in Resources */,
			);
			runOnlyForDeploymentPostprocessing = 0;
		};
		30AB8D811AB86D5D00DFE35B /* Resources */ = {
			isa = PBXResourcesBuildPhase;
			buildActionMask = 2147483647;
			files = (
			);
			runOnlyForDeploymentPostprocessing = 0;
		};
/* End PBXResourcesBuildPhase section */

/* Begin PBXSourcesBuildPhase section */
		30AB8D661AB86D5C00DFE35B /* Sources */ = {
			isa = PBXSourcesBuildPhase;
			buildActionMask = 2147483647;
			files = (
				30AB8D981AB86DFE00DFE35B /* GCDAsyncSocket.m in Sources */,
				30AB8D991AB86DFE00DFE35B /* GCDAsyncUdpSocket.m in Sources */,
				30AB8D761AB86D5C00DFE35B /* ViewController.m in Sources */,
				30AB8D731AB86D5C00DFE35B /* AppDelegate.m in Sources */,
				30AB8D701AB86D5C00DFE35B /* main.m in Sources */,
			);
			runOnlyForDeploymentPostprocessing = 0;
		};
		30AB8D7F1AB86D5D00DFE35B /* Sources */ = {
			isa = PBXSourcesBuildPhase;
			buildActionMask = 2147483647;
			files = (
				30AB8D8A1AB86D5D00DFE35B /* MBTests.m in Sources */,
			);
			runOnlyForDeploymentPostprocessing = 0;
		};
/* End PBXSourcesBuildPhase section */

/* Begin PBXTargetDependency section */
		30AB8D851AB86D5D00DFE35B /* PBXTargetDependency */ = {
			isa = PBXTargetDependency;
			target = 30AB8D691AB86D5C00DFE35B /* MB */;
			targetProxy = 30AB8D841AB86D5D00DFE35B /* PBXContainerItemProxy */;
		};
/* End PBXTargetDependency section */

/* Begin PBXVariantGroup section */
		30AB8D771AB86D5C00DFE35B /* Main.storyboard */ = {
			isa = PBXVariantGroup;
			children = (
				30AB8D781AB86D5C00DFE35B /* Base */,
			);
			name = Main.storyboard;
			sourceTree = "<group>";
		};
		30AB8D7C1AB86D5C00DFE35B /* LaunchScreen.xib */ = {
			isa = PBXVariantGroup;
			children = (
				30AB8D7D1AB86D5C00DFE35B /* Base */,
			);
			name = LaunchScreen.xib;
			sourceTree = "<group>";
		};
/* End PBXVariantGroup section */

/* Begin XCBuildConfiguration section */
		30AB8D8B1AB86D5D00DFE35B /* Debug */ = {
			isa = XCBuildConfiguration;
			buildSettings = {
				ALWAYS_SEARCH_USER_PATHS = NO;
				CLANG_CXX_LANGUAGE_STANDARD = "gnu++0x";
				CLANG_CXX_LIBRARY = "libc++";
				CLANG_ENABLE_MODULES = YES;
				CLANG_ENABLE_OBJC_ARC = YES;
				CLANG_WARN_BOOL_CONVERSION = YES;
				CLANG_WARN_CONSTANT_CONVERSION = YES;
				CLANG_WARN_DIRECT_OBJC_ISA_USAGE = YES_ERROR;
				CLANG_WARN_EMPTY_BODY = YES;
				CLANG_WARN_ENUM_CONVERSION = YES;
				CLANG_WARN_INT_CONVERSION = YES;
				CLANG_WARN_OBJC_ROOT_CLASS = YES_ERROR;
				CLANG_WARN_UNREACHABLE_CODE = YES;
				CLANG_WARN__DUPLICATE_METHOD_MATCH = YES;
				"CODE_SIGN_IDENTITY[sdk=iphoneos*]" = "iPhone Developer";
				COPY_PHASE_STRIP = NO;
				ENABLE_STRICT_OBJC_MSGSEND = YES;
				GCC_C_LANGUAGE_STANDARD = gnu99;
				GCC_DYNAMIC_NO_PIC = NO;
				GCC_OPTIMIZATION_LEVEL = 0;
				GCC_PREPROCESSOR_DEFINITIONS = (
					"DEBUG=1",
					"$(inherited)",
				);
				GCC_SYMBOLS_PRIVATE_EXTERN = NO;
				GCC_WARN_64_TO_32_BIT_CONVERSION = YES;
				GCC_WARN_ABOUT_RETURN_TYPE = YES_ERROR;
				GCC_WARN_UNDECLARED_SELECTOR = YES;
				GCC_WARN_UNINITIALIZED_AUTOS = YES_AGGRESSIVE;
				GCC_WARN_UNUSED_FUNCTION = YES;
				GCC_WARN_UNUSED_VARIABLE = YES;
				IPHONEOS_DEPLOYMENT_TARGET = 8.2;
				MTL_ENABLE_DEBUG_INFO = YES;
				ONLY_ACTIVE_ARCH = YES;
				SDKROOT = iphoneos;
			};
			name = Debug;
		};
		30AB8D8C1AB86D5D00DFE35B /* Release */ = {
			isa = XCBuildConfiguration;
			buildSettings = {
				ALWAYS_SEARCH_USER_PATHS = NO;
				CLANG_CXX_LANGUAGE_STANDARD = "gnu++0x";
				CLANG_CXX_LIBRARY = "libc++";
				CLANG_ENABLE_MODULES = YES;
				CLANG_ENABLE_OBJC_ARC = YES;
				CLANG_WARN_BOOL_CONVERSION = YES;
				CLANG_WARN_CONSTANT_CONVERSION = YES;
				CLANG_WARN_DIRECT_OBJC_ISA_USAGE = YES_ERROR;
				CLANG_WARN_EMPTY_BODY = YES;
				CLANG_WARN_ENUM_CONVERSION = YES;
				CLANG_WARN_INT_CONVERSION = YES;
				CLANG_WARN_OBJC_ROOT_CLASS = YES_ERROR;
				CLANG_WARN_UNREACHABLE_CODE = YES;
				CLANG_WARN__DUPLICATE_METHOD_MATCH = YES;
				"CODE_SIGN_IDENTITY[sdk=iphoneos*]" = "iPhone Developer";
				COPY_PHASE_STRIP = NO;
				ENABLE_NS_ASSERTIONS = NO;
				ENABLE_STRICT_OBJC_MSGSEND = YES;
				GCC_C_LANGUAGE_STANDARD = gnu99;
				GCC_WARN_64_TO_32_BIT_CONVERSION = YES;
				GCC_WARN_ABOUT_RETURN_TYPE = YES_ERROR;
				GCC_WARN_UNDECLARED_SELECTOR = YES;
				GCC_WARN_UNINITIALIZED_AUTOS = YES_AGGRESSIVE;
				GCC_WARN_UNUSED_FUNCTION = YES;
				GCC_WARN_UNUSED_VARIABLE = YES;
				IPHONEOS_DEPLOYMENT_TARGET = 8.2;
				MTL_ENABLE_DEBUG_INFO = NO;
				SDKROOT = iphoneos;
				VALIDATE_PRODUCT = YES;
			};
			name = Release;
		};
		30AB8D8E1AB86D5D00DFE35B /* Debug */ = {
			isa = XCBuildConfiguration;
			buildSettings = {
				ASSETCATALOG_COMPILER_APPICON_NAME = AppIcon;
				INFOPLIST_FILE = MB/Info.plist;
				LD_RUNPATH_SEARCH_PATHS = "$(inherited) @executable_path/Frameworks";
				PRODUCT_NAME = "$(TARGET_NAME)";
			};
			name = Debug;
		};
		30AB8D8F1AB86D5D00DFE35B /* Release */ = {
			isa = XCBuildConfiguration;
			buildSettings = {
				ASSETCATALOG_COMPILER_APPICON_NAME = AppIcon;
				INFOPLIST_FILE = MB/Info.plist;
				LD_RUNPATH_SEARCH_PATHS = "$(inherited) @executable_path/Frameworks";
				PRODUCT_NAME = "$(TARGET_NAME)";
			};
			name = Release;
		};
		30AB8D911AB86D5D00DFE35B /* Debug */ = {
			isa = XCBuildConfiguration;
			buildSettings = {
				BUNDLE_LOADER = "$(TEST_HOST)";
				FRAMEWORK_SEARCH_PATHS = (
					"$(SDKROOT)/Developer/Library/Frameworks",
					"$(inherited)",
				);
				GCC_PREPROCESSOR_DEFINITIONS = (
					"DEBUG=1",
					"$(inherited)",
				);
				INFOPLIST_FILE = MBTests/Info.plist;
				LD_RUNPATH_SEARCH_PATHS = "$(inherited) @executable_path/Frameworks @loader_path/Frameworks";
				PRODUCT_NAME = "$(TARGET_NAME)";
				TEST_HOST = "$(BUILT_PRODUCTS_DIR)/MB.app/MB";
			};
			name = Debug;
		};
		30AB8D921AB86D5D00DFE35B /* Release */ = {
			isa = XCBuildConfiguration;
			buildSettings = {
				BUNDLE_LOADER = "$(TEST_HOST)";
				FRAMEWORK_SEARCH_PATHS = (
					"$(SDKROOT)/Developer/Library/Frameworks",
					"$(inherited)",
				);
				INFOPLIST_FILE = MBTests/Info.plist;
				LD_RUNPATH_SEARCH_PATHS = "$(inherited) @executable_path/Frameworks @loader_path/Frameworks";
				PRODUCT_NAME = "$(TARGET_NAME)";
				TEST_HOST = "$(BUILT_PRODUCTS_DIR)/MB.app/MB";
			};
			name = Release;
		};
/* End XCBuildConfiguration section */

/* Begin XCConfigurationList section */
		30AB8D651AB86D5C00DFE35B /* Build configuration list for PBXProject "MB" */ = {
			isa = XCConfigurationList;
			buildConfigurations = (
				30AB8D8B1AB86D5D00DFE35B /* Debug */,
				30AB8D8C1AB86D5D00DFE35B /* Release */,
			);
			defaultConfigurationIsVisible = 0;
			defaultConfigurationName = Release;
		};
		30AB8D8D1AB86D5D00DFE35B /* Build configuration list for PBXNativeTarget "MB" */ = {
			isa = XCConfigurationList;
			buildConfigurations = (
				30AB8D8E1AB86D5D00DFE35B /* Debug */,
				30AB8D8F1AB86D5D00DFE35B /* Release */,
			);
			defaultConfigurationIsVisible = 0;
		};
		30AB8D901AB86D5D00DFE35B /* Build configuration list for PBXNativeTarget "MBTests" */ = {
			isa = XCConfigurationList;
			buildConfigurations = (
				30AB8D911AB86D5D00DFE35B /* Debug */,
				30AB8D921AB86D5D00DFE35B /* Release */,
			);
			defaultConfigurationIsVisible = 0;
		};
/* End XCConfigurationList section */
	};
	rootObject = 30AB8D621AB86D5C00DFE35B /* Project object */;
}
